// !$*UTF8*$!
{
	archiveVersion = 1;
	classes = {
	};
	objectVersion = 55;
	objects = {

/* Begin PBXBuildFile section */
		F302A6AE28D5F45D00E19B25 /* AppDelegate.swift in Sources */ = {isa = PBXBuildFile; fileRef = F302A6AD28D5F45D00E19B25 /* AppDelegate.swift */; };
		F302A6B028D5F45D00E19B25 /* SceneDelegate.swift in Sources */ = {isa = PBXBuildFile; fileRef = F302A6AF28D5F45D00E19B25 /* SceneDelegate.swift */; };
		F302A6B228D5F45D00E19B25 /* ViewController.swift in Sources */ = {isa = PBXBuildFile; fileRef = F302A6B128D5F45D00E19B25 /* ViewController.swift */; };
		F302A6B528D5F45D00E19B25 /* Main.storyboard in Resources */ = {isa = PBXBuildFile; fileRef = F302A6B328D5F45D00E19B25 /* Main.storyboard */; };
		F302A6B728D5F45F00E19B25 /* Assets.xcassets in Resources */ = {isa = PBXBuildFile; fileRef = F302A6B628D5F45F00E19B25 /* Assets.xcassets */; };
		F302A6BA28D5F45F00E19B25 /* LaunchScreen.storyboard in Resources */ = {isa = PBXBuildFile; fileRef = F302A6B828D5F45F00E19B25 /* LaunchScreen.storyboard */; };
		F302A6C628D5F4C600E19B25 /* Register.swift in Sources */ = {isa = PBXBuildFile; fileRef = F302A6C528D5F4C600E19B25 /* Register.swift */; };
		F302A6C828D5F59000E19B25 /* RegisterViewModel.swift in Sources */ = {isa = PBXBuildFile; fileRef = F302A6C728D5F58F00E19B25 /* RegisterViewModel.swift */; };
		F302A6CA28D5FE8D00E19B25 /* RegisterModel.swift in Sources */ = {isa = PBXBuildFile; fileRef = F302A6C928D5FE8D00E19B25 /* RegisterModel.swift */; };
/* End PBXBuildFile section */

/* Begin PBXFileReference section */
		F302A6AA28D5F45D00E19B25 /* CombineInSwiftUI.app */ = {isa = PBXFileReference; explicitFileType = wrapper.application; includeInIndex = 0; path = CombineInSwiftUI.app; sourceTree = BUILT_PRODUCTS_DIR; };
		F302A6AD28D5F45D00E19B25 /* AppDelegate.swift */ = {isa = PBXFileReference; lastKnownFileType = sourcecode.swift; path = AppDelegate.swift; sourceTree = "<group>"; };
		F302A6AF28D5F45D00E19B25 /* SceneDelegate.swift */ = {isa = PBXFileReference; lastKnownFileType = sourcecode.swift; path = SceneDelegate.swift; sourceTree = "<group>"; };
		F302A6B128D5F45D00E19B25 /* ViewController.swift */ = {isa = PBXFileReference; lastKnownFileType = sourcecode.swift; path = ViewController.swift; sourceTree = "<group>"; };
		F302A6B428D5F45D00E19B25 /* Base */ = {isa = PBXFileReference; lastKnownFileType = file.storyboard; name = Base; path = Base.lproj/Main.storyboard; sourceTree = "<group>"; };
		F302A6B628D5F45F00E19B25 /* Assets.xcassets */ = {isa = PBXFileReference; lastKnownFileType = folder.assetcatalog; path = Assets.xcassets; sourceTree = "<group>"; };
		F302A6B928D5F45F00E19B25 /* Base */ = {isa = PBXFileReference; lastKnownFileType = file.storyboard; name = Base; path = Base.lproj/LaunchScreen.storyboard; sourceTree = "<group>"; };
		F302A6BB28D5F45F00E19B25 /* Info.plist */ = {isa = PBXFileReference; lastKnownFileType = text.plist.xml; path = Info.plist; sourceTree = "<group>"; };
		F302A6C528D5F4C600E19B25 /* Register.swift */ = {isa = PBXFileReference; lastKnownFileType = sourcecode.swift; path = Register.swift; sourceTree = "<group>"; };
		F302A6C728D5F58F00E19B25 /* RegisterViewModel.swift */ = {isa = PBXFileReference; lastKnownFileType = sourcecode.swift; path = RegisterViewModel.swift; sourceTree = "<group>"; };
		F302A6C928D5FE8D00E19B25 /* RegisterModel.swift */ = {isa = PBXFileReference; lastKnownFileType = sourcecode.swift; path = RegisterModel.swift; sourceTree = "<group>"; };
/* End PBXFileReference section */

/* Begin PBXFrameworksBuildPhase section */
		F302A6A728D5F45D00E19B25 /* Frameworks */ = {
			isa = PBXFrameworksBuildPhase;
			buildActionMask = 2147483647;
			files = (
			);
			runOnlyForDeploymentPostprocessing = 0;
		};
/* End PBXFrameworksBuildPhase section */

/* Begin PBXGroup section */
		F302A6A128D5F45D00E19B25 = {
			isa = PBXGroup;
			children = (
				F302A6AC28D5F45D00E19B25 /* CombineInSwiftUI */,
				F302A6AB28D5F45D00E19B25 /* Products */,
			);
			sourceTree = "<group>";
		};
		F302A6AB28D5F45D00E19B25 /* Products */ = {
			isa = PBXGroup;
			children = (
				F302A6AA28D5F45D00E19B25 /* CombineInSwiftUI.app */,
			);
			name = Products;
			sourceTree = "<group>";
		};
		F302A6AC28D5F45D00E19B25 /* CombineInSwiftUI */ = {
			isa = PBXGroup;
			children = (
				F302A6C128D5F48000E19B25 /* Register */,
				F302A6AD28D5F45D00E19B25 /* AppDelegate.swift */,
				F302A6AF28D5F45D00E19B25 /* SceneDelegate.swift */,
				F302A6B128D5F45D00E19B25 /* ViewController.swift */,
				F302A6B328D5F45D00E19B25 /* Main.storyboard */,
				F302A6B628D5F45F00E19B25 /* Assets.xcassets */,
				F302A6B828D5F45F00E19B25 /* LaunchScreen.storyboard */,
				F302A6BB28D5F45F00E19B25 /* Info.plist */,
			);
			path = CombineInSwiftUI;
			sourceTree = "<group>";
		};
		F302A6C128D5F48000E19B25 /* Register */ = {
			isa = PBXGroup;
			children = (
				F302A6C428D5F4B100E19B25 /* View */,
				F302A6C328D5F48D00E19B25 /* ViewModel */,
				F302A6C228D5F48700E19B25 /* Model */,
			);
			path = Register;
			sourceTree = "<group>";
		};
		F302A6C228D5F48700E19B25 /* Model */ = {
			isa = PBXGroup;
			children = (
				F302A6C928D5FE8D00E19B25 /* RegisterModel.swift */,
			);
			path = Model;
			sourceTree = "<group>";
		};
		F302A6C328D5F48D00E19B25 /* ViewModel */ = {
			isa = PBXGroup;
			children = (
				F302A6C728D5F58F00E19B25 /* RegisterViewModel.swift */,
			);
			path = ViewModel;
			sourceTree = "<group>";
		};
		F302A6C428D5F4B100E19B25 /* View */ = {
			isa = PBXGroup;
			children = (
				F302A6C528D5F4C600E19B25 /* Register.swift */,
			);
			path = View;
			sourceTree = "<group>";
		};
/* End PBXGroup section */

/* Begin PBXNativeTarget section */
		F302A6A928D5F45D00E19B25 /* CombineInSwiftUI */ = {
			isa = PBXNativeTarget;
			buildConfigurationList = F302A6BE28D5F45F00E19B25 /* Build configuration list for PBXNativeTarget "CombineInSwiftUI" */;
			buildPhases = (
				F302A6A628D5F45D00E19B25 /* Sources */,
				F302A6A728D5F45D00E19B25 /* Frameworks */,
				F302A6A828D5F45D00E19B25 /* Resources */,
			);
			buildRules = (
			);
			dependencies = (
			);
			name = CombineInSwiftUI;
			productName = CombineInSwiftUI;
			productReference = F302A6AA28D5F45D00E19B25 /* CombineInSwiftUI.app */;
			productType = "com.apple.product-type.application";
		};
/* End PBXNativeTarget section */

/* Begin PBXProject section */
		F302A6A228D5F45D00E19B25 /* Project object */ = {
			isa = PBXProject;
			attributes = {
				BuildIndependentTargetsInParallel = 1;
				LastSwiftUpdateCheck = 1310;
				LastUpgradeCheck = 1310;
				TargetAttributes = {
					F302A6A928D5F45D00E19B25 = {
						CreatedOnToolsVersion = 13.1;
					};
				};
			};
			buildConfigurationList = F302A6A528D5F45D00E19B25 /* Build configuration list for PBXProject "CombineInSwiftUI" */;
			compatibilityVersion = "Xcode 13.0";
			developmentRegion = en;
			hasScannedForEncodings = 0;
			knownRegions = (
				en,
				Base,
			);
			mainGroup = F302A6A128D5F45D00E19B25;
			productRefGroup = F302A6AB28D5F45D00E19B25 /* Products */;
			projectDirPath = "";
			projectRoot = "";
			targets = (
				F302A6A928D5F45D00E19B25 /* CombineInSwiftUI */,
			);
		};
/* End PBXProject section */

/* Begin PBXResourcesBuildPhase section */
		F302A6A828D5F45D00E19B25 /* Resources */ = {
			isa = PBXResourcesBuildPhase;
			buildActionMask = 2147483647;
			files = (
				F302A6BA28D5F45F00E19B25 /* LaunchScreen.storyboard in Resources */,
				F302A6B728D5F45F00E19B25 /* Assets.xcassets in Resources */,
				F302A6B528D5F45D00E19B25 /* Main.storyboard in Resources */,
			);
			runOnlyForDeploymentPostprocessing = 0;
		};
/* End PBXResourcesBuildPhase section */

/* Begin PBXSourcesBuildPhase section */
		F302A6A628D5F45D00E19B25 /* Sources */ = {
			isa = PBXSourcesBuildPhase;
			buildActionMask = 2147483647;
			files = (
				F302A6B228D5F45D00E19B25 /* ViewController.swift in Sources */,
				F302A6C828D5F59000E19B25 /* RegisterViewModel.swift in Sources */,
				F302A6CA28D5FE8D00E19B25 /* RegisterModel.swift in Sources */,
				F302A6AE28D5F45D00E19B25 /* AppDelegate.swift in Sources */,
				F302A6C628D5F4C600E19B25 /* Register.swift in Sources */,
				F302A6B028D5F45D00E19B25 /* SceneDelegate.swift in Sources */,
			);
			runOnlyForDeploymentPostprocessing = 0;
		};
/* End PBXSourcesBuildPhase section */

/* Begin PBXVariantGroup section */
		F302A6B328D5F45D00E19B25 /* Main.storyboard */ = {
			isa = PBXVariantGroup;
			children = (
				F302A6B428D5F45D00E19B25 /* Base */,
			);
			name = Main.storyboard;
			sourceTree = "<group>";
		};
		F302A6B828D5F45F00E19B25 /* LaunchScreen.storyboard */ = {
			isa = PBXVariantGroup;
			children = (
				F302A6B928D5F45F00E19B25 /* Base */,
			);
			name = LaunchScreen.storyboard;
			sourceTree = "<group>";
		};
/* End PBXVariantGroup section */

/* Begin XCBuildConfiguration section */
		F302A6BC28D5F45F00E19B25 /* Debug */ = {
			isa = XCBuildConfiguration;
			buildSettings = {
				ALWAYS_SEARCH_USER_PATHS = NO;
				CLANG_ANALYZER_NONNULL = YES;
				CLANG_ANALYZER_NUMBER_OBJECT_CONVERSION = YES_AGGRESSIVE;
				CLANG_CXX_LANGUAGE_STANDARD = "gnu++17";
				CLANG_CXX_LIBRARY = "libc++";
				CLANG_ENABLE_MODULES = YES;
				CLANG_ENABLE_OBJC_ARC = YES;
				CLANG_ENABLE_OBJC_WEAK = YES;
				CLANG_WARN_BLOCK_CAPTURE_AUTORELEASING = YES;
				CLANG_WARN_BOOL_CONVERSION = YES;
				CLANG_WARN_COMMA = YES;
				CLANG_WARN_CONSTANT_CONVERSION = YES;
				CLANG_WARN_DEPRECATED_OBJC_IMPLEMENTATIONS = YES;
				CLANG_WARN_DIRECT_OBJC_ISA_USAGE = YES_ERROR;
				CLANG_WARN_DOCUMENTATION_COMMENTS = YES;
				CLANG_WARN_EMPTY_BODY = YES;
				CLANG_WARN_ENUM_CONVERSION = YES;
				CLANG_WARN_INFINITE_RECURSION = YES;
				CLANG_WARN_INT_CONVERSION = YES;
				CLANG_WARN_NON_LITERAL_NULL_CONVERSION = YES;
				CLANG_WARN_OBJC_IMPLICIT_RETAIN_SELF = YES;
				CLANG_WARN_OBJC_LITERAL_CONVERSION = YES;
				CLANG_WARN_OBJC_ROOT_CLASS = YES_ERROR;
				CLANG_WARN_QUOTED_INCLUDE_IN_FRAMEWORK_HEADER = YES;
				CLANG_WARN_RANGE_LOOP_ANALYSIS = YES;
				CLANG_WARN_STRICT_PROTOTYPES = YES;
				CLANG_WARN_SUSPICIOUS_MOVE = YES;
				CLANG_WARN_UNGUARDED_AVAILABILITY = YES_AGGRESSIVE;
				CLANG_WARN_UNREACHABLE_CODE = YES;
				CLANG_WARN__DUPLICATE_METHOD_MATCH = YES;
				COPY_PHASE_STRIP = NO;
				DEBUG_INFORMATION_FORMAT = dwarf;
				ENABLE_STRICT_OBJC_MSGSEND = YES;
				ENABLE_TESTABILITY = YES;
				GCC_C_LANGUAGE_STANDARD = gnu11;
				GCC_DYNAMIC_NO_PIC = NO;
				GCC_NO_COMMON_BLOCKS = YES;
				GCC_OPTIMIZATION_LEVEL = 0;
				GCC_PREPROCESSOR_DEFINITIONS = (
					"DEBUG=1",
					"$(inherited)",
				);
				GCC_WARN_64_TO_32_BIT_CONVERSION = YES;
				GCC_WARN_ABOUT_RETURN_TYPE = YES_ERROR;
				GCC_WARN_UNDECLARED_SELECTOR = YES;
				GCC_WARN_UNINITIALIZED_AUTOS = YES_AGGRESSIVE;
				GCC_WARN_UNUSED_FUNCTION = YES;
				GCC_WARN_UNUSED_VARIABLE = YES;
				IPHONEOS_DEPLOYMENT_TARGET = 15.0;
				MTL_ENABLE_DEBUG_INFO = INCLUDE_SOURCE;
				MTL_FAST_MATH = YES;
				ONLY_ACTIVE_ARCH = YES;
				SDKROOT = iphoneos;
				SWIFT_ACTIVE_COMPILATION_CONDITIONS = DEBUG;
				SWIFT_OPTIMIZATION_LEVEL = "-Onone";
			};
			name = Debug;
		};
		F302A6BD28D5F45F00E19B25 /* Release */ = {
			isa = XCBuildConfiguration;
			buildSettings = {
				ALWAYS_SEARCH_USER_PATHS = NO;
				CLANG_ANALYZER_NONNULL = YES;
				CLANG_ANALYZER_NUMBER_OBJECT_CONVERSION = YES_AGGRESSIVE;
				CLANG_CXX_LANGUAGE_STANDARD = "gnu++17";
				CLANG_CXX_LIBRARY = "libc++";
				CLANG_ENABLE_MODULES = YES;
				CLANG_ENABLE_OBJC_ARC = YES;
				CLANG_ENABLE_OBJC_WEAK = YES;
				CLANG_WARN_BLOCK_CAPTURE_AUTORELEASING = YES;
				CLANG_WARN_BOOL_CONVERSION = YES;
				CLANG_WARN_COMMA = YES;
				CLANG_WARN_CONSTANT_CONVERSION = YES;
				CLANG_WARN_DEPRECATED_OBJC_IMPLEMENTATIONS = YES;
				CLANG_WARN_DIRECT_OBJC_ISA_USAGE = YES_ERROR;
				CLANG_WARN_DOCUMENTATION_COMMENTS = YES;
				CLANG_WARN_EMPTY_BODY = YES;
				CLANG_WARN_ENUM_CONVERSION = YES;
				CLANG_WARN_INFINITE_RECURSION = YES;
				CLANG_WARN_INT_CONVERSION = YES;
				CLANG_WARN_NON_LITERAL_NULL_CONVERSION = YES;
				CLANG_WARN_OBJC_IMPLICIT_RETAIN_SELF = YES;
				CLANG_WARN_OBJC_LITERAL_CONVERSION = YES;
				CLANG_WARN_OBJC_ROOT_CLASS = YES_ERROR;
				CLANG_WARN_QUOTED_INCLUDE_IN_FRAMEWORK_HEADER = YES;
				CLANG_WARN_RANGE_LOOP_ANALYSIS = YES;
				CLANG_WARN_STRICT_PROTOTYPES = YES;
				CLANG_WARN_SUSPICIOUS_MOVE = YES;
				CLANG_WARN_UNGUARDED_AVAILABILITY = YES_AGGRESSIVE;
				CLANG_WARN_UNREACHABLE_CODE = YES;
				CLANG_WARN__DUPLICATE_METHOD_MATCH = YES;
				COPY_PHASE_STRIP = NO;
				DEBUG_INFORMATION_FORMAT = "dwarf-with-dsym";
				ENABLE_NS_ASSERTIONS = NO;
				ENABLE_STRICT_OBJC_MSGSEND = YES;
				GCC_C_LANGUAGE_STANDARD = gnu11;
				GCC_NO_COMMON_BLOCKS = YES;
				GCC_WARN_64_TO_32_BIT_CONVERSION = YES;
				GCC_WARN_ABOUT_RETURN_TYPE = YES_ERROR;
				GCC_WARN_UNDECLARED_SELECTOR = YES;
				GCC_WARN_UNINITIALIZED_AUTOS = YES_AGGRESSIVE;
				GCC_WARN_UNUSED_FUNCTION = YES;
				GCC_WARN_UNUSED_VARIABLE = YES;
				IPHONEOS_DEPLOYMENT_TARGET = 15.0;
				MTL_ENABLE_DEBUG_INFO = NO;
				MTL_FAST_MATH = YES;
				SDKROOT = iphoneos;
				SWIFT_COMPILATION_MODE = wholemodule;
				SWIFT_OPTIMIZATION_LEVEL = "-O";
				VALIDATE_PRODUCT = YES;
			};
			name = Release;
		};
		F302A6BF28D5F45F00E19B25 /* Debug */ = {
			isa = XCBuildConfiguration;
			buildSettings = {
				ASSETCATALOG_COMPILER_APPICON_NAME = AppIcon;
				ASSETCATALOG_COMPILER_GLOBAL_ACCENT_COLOR_NAME = AccentColor;
				CODE_SIGN_STYLE = Automatic;
				CURRENT_PROJECT_VERSION = 1;
				DEVELOPMENT_TEAM = ZX9XPCSA65;
				GENERATE_INFOPLIST_FILE = YES;
				INFOPLIST_FILE = CombineInSwiftUI/Info.plist;
				INFOPLIST_KEY_UIApplicationSupportsIndirectInputEvents = YES;
				INFOPLIST_KEY_UILaunchStoryboardName = LaunchScreen;
				INFOPLIST_KEY_UIMainStoryboardFile = Main;
				INFOPLIST_KEY_UISupportedInterfaceOrientations_iPad = "UIInterfaceOrientationPortrait UIInterfaceOrientationPortraitUpsideDown UIInterfaceOrientationLandscapeLeft UIInterfaceOrientationLandscapeRight";
				INFOPLIST_KEY_UISupportedInterfaceOrientations_iPhone = "UIInterfaceOrientationPortrait UIInterfaceOrientationLandscapeLeft UIInterfaceOrientationLandscapeRight";
				LD_RUNPATH_SEARCH_PATHS = (
					"$(inherited)",
					"@executable_path/Frameworks",
				);
				MARKETING_VERSION = 1.0;
				PRODUCT_BUNDLE_IDENTIFIER = com.ahmadshiddiq.CombineInSwiftUI;
				PRODUCT_NAME = "$(TARGET_NAME)";
				SWIFT_EMIT_LOC_STRINGS = YES;
				SWIFT_VERSION = 5.0;
				TARGETED_DEVICE_FAMILY = "1,2";
			};
			name = Debug;
		};
		F302A6C028D5F45F00E19B25 /* Release */ = {
			isa = XCBuildConfiguration;
			buildSettings = {
				ASSETCATALOG_COMPILER_APPICON_NAME = AppIcon;
				ASSETCATALOG_COMPILER_GLOBAL_ACCENT_COLOR_NAME = AccentColor;
				CODE_SIGN_STYLE = Automatic;
				CURRENT_PROJECT_VERSION = 1;
				DEVELOPMENT_TEAM = ZX9XPCSA65;
				GENERATE_INFOPLIST_FILE = YES;
				INFOPLIST_FILE = CombineInSwiftUI/Info.plist;
				INFOPLIST_KEY_UIApplicationSupportsIndirectInputEvents = YES;
				INFOPLIST_KEY_UILaunchStoryboardName = LaunchScreen;
				INFOPLIST_KEY_UIMainStoryboardFile = Main;
				INFOPLIST_KEY_UISupportedInterfaceOrientations_iPad = "UIInterfaceOrientationPortrait UIInterfaceOrientationPortraitUpsideDown UIInterfaceOrientationLandscapeLeft UIInterfaceOrientationLandscapeRight";
				INFOPLIST_KEY_UISupportedInterfaceOrientations_iPhone = "UIInterfaceOrientationPortrait UIInterfaceOrientationLandscapeLeft UIInterfaceOrientationLandscapeRight";
				LD_RUNPATH_SEARCH_PATHS = (
					"$(inherited)",
					"@executable_path/Frameworks",
				);
				MARKETING_VERSION = 1.0;
				PRODUCT_BUNDLE_IDENTIFIER = com.ahmadshiddiq.CombineInSwiftUI;
				PRODUCT_NAME = "$(TARGET_NAME)";
				SWIFT_EMIT_LOC_STRINGS = YES;
				SWIFT_VERSION = 5.0;
				TARGETED_DEVICE_FAMILY = "1,2";
			};
			name = Release;
		};
/* End XCBuildConfiguration section */

/* Begin XCConfigurationList section */
		F302A6A528D5F45D00E19B25 /* Build configuration list for PBXProject "CombineInSwiftUI" */ = {
			isa = XCConfigurationList;
			buildConfigurations = (
				F302A6BC28D5F45F00E19B25 /* Debug */,
				F302A6BD28D5F45F00E19B25 /* Release */,
			);
			defaultConfigurationIsVisible = 0;
			defaultConfigurationName = Release;
		};
		F302A6BE28D5F45F00E19B25 /* Build configuration list for PBXNativeTarget "CombineInSwiftUI" */ = {
			isa = XCConfigurationList;
			buildConfigurations = (
				F302A6BF28D5F45F00E19B25 /* Debug */,
				F302A6C028D5F45F00E19B25 /* Release */,
			);
			defaultConfigurationIsVisible = 0;
			defaultConfigurationName = Release;
		};
/* End XCConfigurationList section */
	};
	rootObject = F302A6A228D5F45D00E19B25 /* Project object */;
}
